
Microsoft Visual Studio Solution File, Format Version 12.00
# Visual Studio Version 16
VisualStudioVersion = 16.0.30717.126
MinimumVisualStudioVersion = 10.0.40219.1
Project("{9A19103F-16F7-4668-BE54-9A1E7A4F7556}") = "RealTimeBid.Core", "RealTimeBid.Core\RealTimeBid.Core.csproj", "{BAD8EED9-56F9-413E-9F02-B4151026E7A9}"
EndProject
Project("{9A19103F-16F7-4668-BE54-9A1E7A4F7556}") = "RealTimeBid.Tests", "RealTimeBid.Tests\RealTimeBid.Tests.csproj", "{29BAEF7D-F4EA-4856-B3FB-F186C67F191C}"
EndProject
Global
	GlobalSection(SolutionConfigurationPlatforms) = preSolution
		Debug|Any CPU = Debug|Any CPU
		Release|Any CPU = Release|Any CPU
	EndGlobalSection
	GlobalSection(ProjectConfigurationPlatforms) = postSolution
		{BAD8EED9-56F9-413E-9F02-B4151026E7A9}.Debug|Any CPU.ActiveCfg = Debug|Any CPU
		{BAD8EED9-56F9-413E-9F02-B4151026E7A9}.Debug|Any CPU.Build.0 = Debug|Any CPU
		{BAD8EED9-56F9-413E-9F02-B4151026E7A9}.Release|Any CPU.ActiveCfg = Release|Any CPU
		{BAD8EED9-56F9-413E-9F02-B4151026E7A9}.Release|Any CPU.Build.0 = Release|Any CPU
		{29BAEF7D-F4EA-4856-B3FB-F186C67F191C}.Debug|Any CPU.ActiveCfg = Debug|Any CPU
		{29BAEF7D-F4EA-4856-B3FB-F186C67F191C}.Debug|Any CPU.Build.0 = Debug|Any CPU
		{29BAEF7D-F4EA-4856-B3FB-F186C67F191C}.Release|Any CPU.ActiveCfg = Release|Any CPU
		{29BAEF7D-F4EA-4856-B3FB-F186C67F191C}.Release|Any CPU.Build.0 = Release|Any CPU
	EndGlobalSection
	GlobalSection(SolutionProperties) = preSolution
		HideSolutionNode = FALSE
	EndGlobalSection
	GlobalSection(ExtensibilityGlobals) = postSolution
		SolutionGuid = {57F9EFEC-B2C8-4819-98FE-4F736C44E481}
	EndGlobalSection
EndGlobal
